// !$*UTF8*$!
{
	archiveVersion = 1;
	classes = {
	};
	objectVersion = 50;
	objects = {

/* Begin PBXBuildFile section */
		4D1F1D7821DD323A005B0040 /* AppDelegate.swift in Sources */ = {isa = PBXBuildFile; fileRef = 4D1F1D7721DD323A005B0040 /* AppDelegate.swift */; };
		4D1F1D7A21DD323A005B0040 /* CurrencyViewController.swift in Sources */ = {isa = PBXBuildFile; fileRef = 4D1F1D7921DD323A005B0040 /* CurrencyViewController.swift */; };
		4D1F1D7D21DD323A005B0040 /* Privat.storyboard in Resources */ = {isa = PBXBuildFile; fileRef = 4D1F1D7B21DD323A005B0040 /* Privat.storyboard */; };
		4D1F1D7F21DD323E005B0040 /* Assets.xcassets in Resources */ = {isa = PBXBuildFile; fileRef = 4D1F1D7E21DD323E005B0040 /* Assets.xcassets */; };
		4D1F1D8221DD323E005B0040 /* LaunchScreen.storyboard in Resources */ = {isa = PBXBuildFile; fileRef = 4D1F1D8021DD323E005B0040 /* LaunchScreen.storyboard */; };
		4D1F1D8A21DD387D005B0040 /* AtmViewController.swift in Sources */ = {isa = PBXBuildFile; fileRef = 4D1F1D8921DD387D005B0040 /* AtmViewController.swift */; };
		4D1F1DB421E00F99005B0040 /* CurrencyTableViewCell.swift in Sources */ = {isa = PBXBuildFile; fileRef = 4D1F1DB221E00F99005B0040 /* CurrencyTableViewCell.swift */; };
		4D1F1DB521E00F9A005B0040 /* CurrencyTableViewCell.xib in Resources */ = {isa = PBXBuildFile; fileRef = 4D1F1DB321E00F99005B0040 /* CurrencyTableViewCell.xib */; };
		4D1F1DB821E01C9D005B0040 /* AtmTableViewCell.swift in Sources */ = {isa = PBXBuildFile; fileRef = 4D1F1DB621E01C9D005B0040 /* AtmTableViewCell.swift */; };
		4D1F1DB921E01C9D005B0040 /* AtmTableViewCell.xib in Resources */ = {isa = PBXBuildFile; fileRef = 4D1F1DB721E01C9D005B0040 /* AtmTableViewCell.xib */; };
		4D1F1DBB21E14084005B0040 /* CurrencyViewControllerDataSource.swift in Sources */ = {isa = PBXBuildFile; fileRef = 4D1F1DBA21E14084005B0040 /* CurrencyViewControllerDataSource.swift */; };
		4D1F1DBD21E145E8005B0040 /* CurrencyModel.swift in Sources */ = {isa = PBXBuildFile; fileRef = 4D1F1DBC21E145E8005B0040 /* CurrencyModel.swift */; };
		4D1F1DBF21E14B15005B0040 /* CurrencyNetworkError.swift in Sources */ = {isa = PBXBuildFile; fileRef = 4D1F1DBE21E14B15005B0040 /* CurrencyNetworkError.swift */; };
		4D1F1DC121E16894005B0040 /* CurrencyObject.swift in Sources */ = {isa = PBXBuildFile; fileRef = 4D1F1DC021E16894005B0040 /* CurrencyObject.swift */; };
		4D1F1DC321E65D51005B0040 /* CurrencyNetwork.swift in Sources */ = {isa = PBXBuildFile; fileRef = 4D1F1DC221E65D51005B0040 /* CurrencyNetwork.swift */; };
		4D77386221E7824C00ED52D9 /* AtmModel.swift in Sources */ = {isa = PBXBuildFile; fileRef = 4D77386121E7824C00ED52D9 /* AtmModel.swift */; };
		4D77386421E7829A00ED52D9 /* AtmNetworkError.swift in Sources */ = {isa = PBXBuildFile; fileRef = 4D77386321E7829A00ED52D9 /* AtmNetworkError.swift */; };
		4D77386621E782D300ED52D9 /* AtmObject.swift in Sources */ = {isa = PBXBuildFile; fileRef = 4D77386521E782D300ED52D9 /* AtmObject.swift */; };
		4D77386821E788A900ED52D9 /* AtmNetwork.swift in Sources */ = {isa = PBXBuildFile; fileRef = 4D77386721E788A900ED52D9 /* AtmNetwork.swift */; };
		4D77386A21E78AA700ED52D9 /* AtmViewControllerDataSource.swift in Sources */ = {isa = PBXBuildFile; fileRef = 4D77386921E78AA700ED52D9 /* AtmViewControllerDataSource.swift */; };
/* End PBXBuildFile section */

/* Begin PBXFileReference section */
		4D1F1D7421DD323A005B0040 /* Homework-7-iOS-Url.app */ = {isa = PBXFileReference; explicitFileType = wrapper.application; includeInIndex = 0; path = "Homework-7-iOS-Url.app"; sourceTree = BUILT_PRODUCTS_DIR; };
		4D1F1D7721DD323A005B0040 /* AppDelegate.swift */ = {isa = PBXFileReference; lastKnownFileType = sourcecode.swift; path = AppDelegate.swift; sourceTree = "<group>"; };
		4D1F1D7921DD323A005B0040 /* CurrencyViewController.swift */ = {isa = PBXFileReference; lastKnownFileType = sourcecode.swift; path = CurrencyViewController.swift; sourceTree = "<group>"; };
		4D1F1D7C21DD323A005B0040 /* Base */ = {isa = PBXFileReference; lastKnownFileType = file.storyboard; name = Base; path = Base.lproj/Privat.storyboard; sourceTree = "<group>"; };
		4D1F1D7E21DD323E005B0040 /* Assets.xcassets */ = {isa = PBXFileReference; lastKnownFileType = folder.assetcatalog; path = Assets.xcassets; sourceTree = "<group>"; };
		4D1F1D8121DD323E005B0040 /* Base */ = {isa = PBXFileReference; lastKnownFileType = file.storyboard; name = Base; path = Base.lproj/LaunchScreen.storyboard; sourceTree = "<group>"; };
		4D1F1D8321DD323E005B0040 /* Info.plist */ = {isa = PBXFileReference; lastKnownFileType = text.plist.xml; path = Info.plist; sourceTree = "<group>"; };
		4D1F1D8921DD387D005B0040 /* AtmViewController.swift */ = {isa = PBXFileReference; lastKnownFileType = sourcecode.swift; path = AtmViewController.swift; sourceTree = "<group>"; };
		4D1F1DB221E00F99005B0040 /* CurrencyTableViewCell.swift */ = {isa = PBXFileReference; lastKnownFileType = sourcecode.swift; path = CurrencyTableViewCell.swift; sourceTree = "<group>"; };
		4D1F1DB321E00F99005B0040 /* CurrencyTableViewCell.xib */ = {isa = PBXFileReference; lastKnownFileType = file.xib; path = CurrencyTableViewCell.xib; sourceTree = "<group>"; };
		4D1F1DB621E01C9D005B0040 /* AtmTableViewCell.swift */ = {isa = PBXFileReference; lastKnownFileType = sourcecode.swift; path = AtmTableViewCell.swift; sourceTree = "<group>"; };
		4D1F1DB721E01C9D005B0040 /* AtmTableViewCell.xib */ = {isa = PBXFileReference; lastKnownFileType = file.xib; path = AtmTableViewCell.xib; sourceTree = "<group>"; };
		4D1F1DBA21E14084005B0040 /* CurrencyViewControllerDataSource.swift */ = {isa = PBXFileReference; lastKnownFileType = sourcecode.swift; path = CurrencyViewControllerDataSource.swift; sourceTree = "<group>"; };
		4D1F1DBC21E145E8005B0040 /* CurrencyModel.swift */ = {isa = PBXFileReference; lastKnownFileType = sourcecode.swift; path = CurrencyModel.swift; sourceTree = "<group>"; };
		4D1F1DBE21E14B15005B0040 /* CurrencyNetworkError.swift */ = {isa = PBXFileReference; lastKnownFileType = sourcecode.swift; path = CurrencyNetworkError.swift; sourceTree = "<group>"; };
		4D1F1DC021E16894005B0040 /* CurrencyObject.swift */ = {isa = PBXFileReference; lastKnownFileType = sourcecode.swift; path = CurrencyObject.swift; sourceTree = "<group>"; };
		4D1F1DC221E65D51005B0040 /* CurrencyNetwork.swift */ = {isa = PBXFileReference; lastKnownFileType = sourcecode.swift; path = CurrencyNetwork.swift; sourceTree = "<group>"; };
		4D77386121E7824C00ED52D9 /* AtmModel.swift */ = {isa = PBXFileReference; lastKnownFileType = sourcecode.swift; path = AtmModel.swift; sourceTree = "<group>"; };
		4D77386321E7829A00ED52D9 /* AtmNetworkError.swift */ = {isa = PBXFileReference; lastKnownFileType = sourcecode.swift; path = AtmNetworkError.swift; sourceTree = "<group>"; };
		4D77386521E782D300ED52D9 /* AtmObject.swift */ = {isa = PBXFileReference; lastKnownFileType = sourcecode.swift; path = AtmObject.swift; sourceTree = "<group>"; };
		4D77386721E788A900ED52D9 /* AtmNetwork.swift */ = {isa = PBXFileReference; lastKnownFileType = sourcecode.swift; path = AtmNetwork.swift; sourceTree = "<group>"; };
		4D77386921E78AA700ED52D9 /* AtmViewControllerDataSource.swift */ = {isa = PBXFileReference; lastKnownFileType = sourcecode.swift; path = AtmViewControllerDataSource.swift; sourceTree = "<group>"; };
/* End PBXFileReference section */

/* Begin PBXFrameworksBuildPhase section */
		4D1F1D7121DD323A005B0040 /* Frameworks */ = {
			isa = PBXFrameworksBuildPhase;
			buildActionMask = 2147483647;
			files = (
			);
			runOnlyForDeploymentPostprocessing = 0;
		};
/* End PBXFrameworksBuildPhase section */

/* Begin PBXGroup section */
		4D1F1D6B21DD323A005B0040 = {
			isa = PBXGroup;
			children = (
				4D1F1D7621DD323A005B0040 /* Homework-7-iOS-Url */,
				4D1F1D7521DD323A005B0040 /* Products */,
			);
			sourceTree = "<group>";
		};
		4D1F1D7521DD323A005B0040 /* Products */ = {
			isa = PBXGroup;
			children = (
				4D1F1D7421DD323A005B0040 /* Homework-7-iOS-Url.app */,
			);
			name = Products;
			sourceTree = "<group>";
		};
		4D1F1D7621DD323A005B0040 /* Homework-7-iOS-Url */ = {
			isa = PBXGroup;
			children = (
				4D1F1DAF21DECF48005B0040 /* Cells */,
				4D1F1DAE21DECF44005B0040 /* API */,
				4D1F1DAD21DECF3E005B0040 /* Delegates */,
				4D1F1DAB21DECE52005B0040 /* SupportingFiles */,
				4D1F1DAC21DECEF2005B0040 /* ViewController */,
				4D1F1D7E21DD323E005B0040 /* Assets.xcassets */,
				4D1F1D8321DD323E005B0040 /* Info.plist */,
			);
			path = "Homework-7-iOS-Url";
			sourceTree = "<group>";
		};
		4D1F1DAB21DECE52005B0040 /* SupportingFiles */ = {
			isa = PBXGroup;
			children = (
				4D1F1D7B21DD323A005B0040 /* Privat.storyboard */,
				4D1F1D8021DD323E005B0040 /* LaunchScreen.storyboard */,
			);
			name = SupportingFiles;
			sourceTree = "<group>";
		};
		4D1F1DAC21DECEF2005B0040 /* ViewController */ = {
			isa = PBXGroup;
			children = (
				4D1F1D7921DD323A005B0040 /* CurrencyViewController.swift */,
				4D1F1D8921DD387D005B0040 /* AtmViewController.swift */,
			);
			path = ViewController;
			sourceTree = "<group>";
		};
		4D1F1DAD21DECF3E005B0040 /* Delegates */ = {
			isa = PBXGroup;
			children = (
				4D1F1D7721DD323A005B0040 /* AppDelegate.swift */,
				4D1F1DBA21E14084005B0040 /* CurrencyViewControllerDataSource.swift */,
				4D77386921E78AA700ED52D9 /* AtmViewControllerDataSource.swift */,
			);
			name = Delegates;
			sourceTree = "<group>";
		};
		4D1F1DAE21DECF44005B0040 /* API */ = {
			isa = PBXGroup;
			children = (
				4D1F1DB021DECF9D005B0040 /* Models */,
				4D1F1DB121DECFA7005B0040 /* Networks */,
			);
			path = API;
			sourceTree = "<group>";
		};
		4D1F1DAF21DECF48005B0040 /* Cells */ = {
			isa = PBXGroup;
			children = (
				4D1F1DB221E00F99005B0040 /* CurrencyTableViewCell.swift */,
				4D1F1DB321E00F99005B0040 /* CurrencyTableViewCell.xib */,
				4D1F1DB621E01C9D005B0040 /* AtmTableViewCell.swift */,
				4D1F1DB721E01C9D005B0040 /* AtmTableViewCell.xib */,
			);
			name = Cells;
			sourceTree = "<group>";
		};
		4D1F1DB021DECF9D005B0040 /* Models */ = {
			isa = PBXGroup;
			children = (
				4D1F1DBC21E145E8005B0040 /* CurrencyModel.swift */,
				4D1F1DBE21E14B15005B0040 /* CurrencyNetworkError.swift */,
				4D1F1DC021E16894005B0040 /* CurrencyObject.swift */,
				4D77386121E7824C00ED52D9 /* AtmModel.swift */,
				4D77386321E7829A00ED52D9 /* AtmNetworkError.swift */,
				4D77386521E782D300ED52D9 /* AtmObject.swift */,
			);
			name = Models;
			sourceTree = "<group>";
		};
		4D1F1DB121DECFA7005B0040 /* Networks */ = {
			isa = PBXGroup;
			children = (
				4D1F1DC221E65D51005B0040 /* CurrencyNetwork.swift */,
				4D77386721E788A900ED52D9 /* AtmNetwork.swift */,
			);
			path = Networks;
			sourceTree = "<group>";
		};
/* End PBXGroup section */

/* Begin PBXNativeTarget section */
		4D1F1D7321DD323A005B0040 /* Homework-7-iOS-Url */ = {
			isa = PBXNativeTarget;
			buildConfigurationList = 4D1F1D8621DD323E005B0040 /* Build configuration list for PBXNativeTarget "Homework-7-iOS-Url" */;
			buildPhases = (
				4D1F1D7021DD323A005B0040 /* Sources */,
				4D1F1D7121DD323A005B0040 /* Frameworks */,
				4D1F1D7221DD323A005B0040 /* Resources */,
			);
			buildRules = (
			);
			dependencies = (
			);
			name = "Homework-7-iOS-Url";
			productName = "Homework-7-iOS-Url";
			productReference = 4D1F1D7421DD323A005B0040 /* Homework-7-iOS-Url.app */;
			productType = "com.apple.product-type.application";
		};
/* End PBXNativeTarget section */

/* Begin PBXProject section */
		4D1F1D6C21DD323A005B0040 /* Project object */ = {
			isa = PBXProject;
			attributes = {
				LastSwiftUpdateCheck = 1010;
				LastUpgradeCheck = 1010;
				ORGANIZATIONNAME = AndreiSavchenko;
				TargetAttributes = {
					4D1F1D7321DD323A005B0040 = {
						CreatedOnToolsVersion = 10.1;
					};
				};
			};
			buildConfigurationList = 4D1F1D6F21DD323A005B0040 /* Build configuration list for PBXProject "Homework-7-iOS-Url" */;
			compatibilityVersion = "Xcode 9.3";
			developmentRegion = en;
			hasScannedForEncodings = 0;
			knownRegions = (
				en,
				Base,
			);
			mainGroup = 4D1F1D6B21DD323A005B0040;
			productRefGroup = 4D1F1D7521DD323A005B0040 /* Products */;
			projectDirPath = "";
			projectRoot = "";
			targets = (
				4D1F1D7321DD323A005B0040 /* Homework-7-iOS-Url */,
			);
		};
/* End PBXProject section */

/* Begin PBXResourcesBuildPhase section */
		4D1F1D7221DD323A005B0040 /* Resources */ = {
			isa = PBXResourcesBuildPhase;
			buildActionMask = 2147483647;
			files = (
				4D1F1DB521E00F9A005B0040 /* CurrencyTableViewCell.xib in Resources */,
				4D1F1D8221DD323E005B0040 /* LaunchScreen.storyboard in Resources */,
				4D1F1D7F21DD323E005B0040 /* Assets.xcassets in Resources */,
				4D1F1DB921E01C9D005B0040 /* AtmTableViewCell.xib in Resources */,
				4D1F1D7D21DD323A005B0040 /* Privat.storyboard in Resources */,
			);
			runOnlyForDeploymentPostprocessing = 0;
		};
/* End PBXResourcesBuildPhase section */

/* Begin PBXSourcesBuildPhase section */
		4D1F1D7021DD323A005B0040 /* Sources */ = {
			isa = PBXSourcesBuildPhase;
			buildActionMask = 2147483647;
			files = (
				4D1F1DBD21E145E8005B0040 /* CurrencyModel.swift in Sources */,
				4D1F1DBB21E14084005B0040 /* CurrencyViewControllerDataSource.swift in Sources */,
				4D1F1DB421E00F99005B0040 /* CurrencyTableViewCell.swift in Sources */,
				4D1F1D7A21DD323A005B0040 /* CurrencyViewController.swift in Sources */,
				4D77386221E7824C00ED52D9 /* AtmModel.swift in Sources */,
				4D1F1DBF21E14B15005B0040 /* CurrencyNetworkError.swift in Sources */,
				4D77386A21E78AA700ED52D9 /* AtmViewControllerDataSource.swift in Sources */,
				4D1F1DC321E65D51005B0040 /* CurrencyNetwork.swift in Sources */,
				4D77386621E782D300ED52D9 /* AtmObject.swift in Sources */,
				4D1F1DC121E16894005B0040 /* CurrencyObject.swift in Sources */,
				4D1F1DB821E01C9D005B0040 /* AtmTableViewCell.swift in Sources */,
				4D1F1D8A21DD387D005B0040 /* AtmViewController.swift in Sources */,
				4D77386421E7829A00ED52D9 /* AtmNetworkError.swift in Sources */,
				4D1F1D7821DD323A005B0040 /* AppDelegate.swift in Sources */,
				4D77386821E788A900ED52D9 /* AtmNetwork.swift in Sources */,
			);
			runOnlyForDeploymentPostprocessing = 0;
		};
/* End PBXSourcesBuildPhase section */

/* Begin PBXVariantGroup section */
		4D1F1D7B21DD323A005B0040 /* Privat.storyboard */ = {
			isa = PBXVariantGroup;
			children = (
				4D1F1D7C21DD323A005B0040 /* Base */,
			);
			name = Privat.storyboard;
			sourceTree = "<group>";
		};
		4D1F1D8021DD323E005B0040 /* LaunchScreen.storyboard */ = {
			isa = PBXVariantGroup;
			children = (
				4D1F1D8121DD323E005B0040 /* Base */,
			);
			name = LaunchScreen.storyboard;
			sourceTree = "<group>";
		};
/* End PBXVariantGroup section */

/* Begin XCBuildConfiguration section */
		4D1F1D8421DD323E005B0040 /* Debug */ = {
			isa = XCBuildConfiguration;
			buildSettings = {
				ALWAYS_SEARCH_USER_PATHS = NO;
				CLANG_ANALYZER_NONNULL = YES;
				CLANG_ANALYZER_NUMBER_OBJECT_CONVERSION = YES_AGGRESSIVE;
				CLANG_CXX_LANGUAGE_STANDARD = "gnu++14";
				CLANG_CXX_LIBRARY = "libc++";
				CLANG_ENABLE_MODULES = YES;
				CLANG_ENABLE_OBJC_ARC = YES;
				CLANG_ENABLE_OBJC_WEAK = YES;
				CLANG_WARN_BLOCK_CAPTURE_AUTORELEASING = YES;
				CLANG_WARN_BOOL_CONVERSION = YES;
				CLANG_WARN_COMMA = YES;
				CLANG_WARN_CONSTANT_CONVERSION = YES;
				CLANG_WARN_DEPRECATED_OBJC_IMPLEMENTATIONS = YES;
				CLANG_WARN_DIRECT_OBJC_ISA_USAGE = YES_ERROR;
				CLANG_WARN_DOCUMENTATION_COMMENTS = YES;
				CLANG_WARN_EMPTY_BODY = YES;
				CLANG_WARN_ENUM_CONVERSION = YES;
				CLANG_WARN_INFINITE_RECURSION = YES;
				CLANG_WARN_INT_CONVERSION = YES;
				CLANG_WARN_NON_LITERAL_NULL_CONVERSION = YES;
				CLANG_WARN_OBJC_IMPLICIT_RETAIN_SELF = YES;
				CLANG_WARN_OBJC_LITERAL_CONVERSION = YES;
				CLANG_WARN_OBJC_ROOT_CLASS = YES_ERROR;
				CLANG_WARN_RANGE_LOOP_ANALYSIS = YES;
				CLANG_WARN_STRICT_PROTOTYPES = YES;
				CLANG_WARN_SUSPICIOUS_MOVE = YES;
				CLANG_WARN_UNGUARDED_AVAILABILITY = YES_AGGRESSIVE;
				CLANG_WARN_UNREACHABLE_CODE = YES;
				CLANG_WARN__DUPLICATE_METHOD_MATCH = YES;
				CODE_SIGN_IDENTITY = "iPhone Developer";
				COPY_PHASE_STRIP = NO;
				DEBUG_INFORMATION_FORMAT = dwarf;
				ENABLE_STRICT_OBJC_MSGSEND = YES;
				ENABLE_TESTABILITY = YES;
				GCC_C_LANGUAGE_STANDARD = gnu11;
				GCC_DYNAMIC_NO_PIC = NO;
				GCC_NO_COMMON_BLOCKS = YES;
				GCC_OPTIMIZATION_LEVEL = 0;
				GCC_PREPROCESSOR_DEFINITIONS = (
					"DEBUG=1",
					"$(inherited)",
				);
				GCC_WARN_64_TO_32_BIT_CONVERSION = YES;
				GCC_WARN_ABOUT_RETURN_TYPE = YES_ERROR;
				GCC_WARN_UNDECLARED_SELECTOR = YES;
				GCC_WARN_UNINITIALIZED_AUTOS = YES_AGGRESSIVE;
				GCC_WARN_UNUSED_FUNCTION = YES;
				GCC_WARN_UNUSED_VARIABLE = YES;
				IPHONEOS_DEPLOYMENT_TARGET = 12.1;
				MTL_ENABLE_DEBUG_INFO = INCLUDE_SOURCE;
				MTL_FAST_MATH = YES;
				ONLY_ACTIVE_ARCH = YES;
				SDKROOT = iphoneos;
				SWIFT_ACTIVE_COMPILATION_CONDITIONS = DEBUG;
				SWIFT_OPTIMIZATION_LEVEL = "-Onone";
			};
			name = Debug;
		};
		4D1F1D8521DD323E005B0040 /* Release */ = {
			isa = XCBuildConfiguration;
			buildSettings = {
				ALWAYS_SEARCH_USER_PATHS = NO;
				CLANG_ANALYZER_NONNULL = YES;
				CLANG_ANALYZER_NUMBER_OBJECT_CONVERSION = YES_AGGRESSIVE;
				CLANG_CXX_LANGUAGE_STANDARD = "gnu++14";
				CLANG_CXX_LIBRARY = "libc++";
				CLANG_ENABLE_MODULES = YES;
				CLANG_ENABLE_OBJC_ARC = YES;
				CLANG_ENABLE_OBJC_WEAK = YES;
				CLANG_WARN_BLOCK_CAPTURE_AUTORELEASING = YES;
				CLANG_WARN_BOOL_CONVERSION = YES;
				CLANG_WARN_COMMA = YES;
				CLANG_WARN_CONSTANT_CONVERSION = YES;
				CLANG_WARN_DEPRECATED_OBJC_IMPLEMENTATIONS = YES;
				CLANG_WARN_DIRECT_OBJC_ISA_USAGE = YES_ERROR;
				CLANG_WARN_DOCUMENTATION_COMMENTS = YES;
				CLANG_WARN_EMPTY_BODY = YES;
				CLANG_WARN_ENUM_CONVERSION = YES;
				CLANG_WARN_INFINITE_RECURSION = YES;
				CLANG_WARN_INT_CONVERSION = YES;
				CLANG_WARN_NON_LITERAL_NULL_CONVERSION = YES;
				CLANG_WARN_OBJC_IMPLICIT_RETAIN_SELF = YES;
				CLANG_WARN_OBJC_LITERAL_CONVERSION = YES;
				CLANG_WARN_OBJC_ROOT_CLASS = YES_ERROR;
				CLANG_WARN_RANGE_LOOP_ANALYSIS = YES;
				CLANG_WARN_STRICT_PROTOTYPES = YES;
				CLANG_WARN_SUSPICIOUS_MOVE = YES;
				CLANG_WARN_UNGUARDED_AVAILABILITY = YES_AGGRESSIVE;
				CLANG_WARN_UNREACHABLE_CODE = YES;
				CLANG_WARN__DUPLICATE_METHOD_MATCH = YES;
				CODE_SIGN_IDENTITY = "iPhone Developer";
				COPY_PHASE_STRIP = NO;
				DEBUG_INFORMATION_FORMAT = "dwarf-with-dsym";
				ENABLE_NS_ASSERTIONS = NO;
				ENABLE_STRICT_OBJC_MSGSEND = YES;
				GCC_C_LANGUAGE_STANDARD = gnu11;
				GCC_NO_COMMON_BLOCKS = YES;
				GCC_WARN_64_TO_32_BIT_CONVERSION = YES;
				GCC_WARN_ABOUT_RETURN_TYPE = YES_ERROR;
				GCC_WARN_UNDECLARED_SELECTOR = YES;
				GCC_WARN_UNINITIALIZED_AUTOS = YES_AGGRESSIVE;
				GCC_WARN_UNUSED_FUNCTION = YES;
				GCC_WARN_UNUSED_VARIABLE = YES;
				IPHONEOS_DEPLOYMENT_TARGET = 12.1;
				MTL_ENABLE_DEBUG_INFO = NO;
				MTL_FAST_MATH = YES;
				SDKROOT = iphoneos;
				SWIFT_COMPILATION_MODE = wholemodule;
				SWIFT_OPTIMIZATION_LEVEL = "-O";
				VALIDATE_PRODUCT = YES;
			};
			name = Release;
		};
		4D1F1D8721DD323E005B0040 /* Debug */ = {
			isa = XCBuildConfiguration;
			buildSettings = {
				ASSETCATALOG_COMPILER_APPICON_NAME = AppIcon;
				CODE_SIGN_IDENTITY = "iPhone Developer";
				CODE_SIGN_STYLE = Automatic;
				DEVELOPMENT_TEAM = "";
				INFOPLIST_FILE = "Homework-7-iOS-Url/Info.plist";
				LD_RUNPATH_SEARCH_PATHS = (
					"$(inherited)",
					"@executable_path/Frameworks",
				);
				PRODUCT_BUNDLE_IDENTIFIER = "jOK.Homework-7-iOS-Url";
				PRODUCT_NAME = "$(TARGET_NAME)";
				PROVISIONING_PROFILE_SPECIFIER = "";
				SWIFT_VERSION = 4.2;
				TARGETED_DEVICE_FAMILY = "1,2";
			};
			name = Debug;
		};
		4D1F1D8821DD323E005B0040 /* Release */ = {
			isa = XCBuildConfiguration;
			buildSettings = {
				ASSETCATALOG_COMPILER_APPICON_NAME = AppIcon;
				CODE_SIGN_IDENTITY = "iPhone Developer";
				CODE_SIGN_STYLE = Automatic;
				DEVELOPMENT_TEAM = "";
				INFOPLIST_FILE = "Homework-7-iOS-Url/Info.plist";
				LD_RUNPATH_SEARCH_PATHS = (
					"$(inherited)",
					"@executable_path/Frameworks",
				);
				PRODUCT_BUNDLE_IDENTIFIER = "jOK.Homework-7-iOS-Url";
				PRODUCT_NAME = "$(TARGET_NAME)";
				PROVISIONING_PROFILE_SPECIFIER = "";
				SWIFT_VERSION = 4.2;
				TARGETED_DEVICE_FAMILY = "1,2";
			};
			name = Release;
		};
/* End XCBuildConfiguration section */

/* Begin XCConfigurationList section */
		4D1F1D6F21DD323A005B0040 /* Build configuration list for PBXProject "Homework-7-iOS-Url" */ = {
			isa = XCConfigurationList;
			buildConfigurations = (
				4D1F1D8421DD323E005B0040 /* Debug */,
				4D1F1D8521DD323E005B0040 /* Release */,
			);
			defaultConfigurationIsVisible = 0;
			defaultConfigurationName = Release;
		};
		4D1F1D8621DD323E005B0040 /* Build configuration list for PBXNativeTarget "Homework-7-iOS-Url" */ = {
			isa = XCConfigurationList;
			buildConfigurations = (
				4D1F1D8721DD323E005B0040 /* Debug */,
				4D1F1D8821DD323E005B0040 /* Release */,
			);
			defaultConfigurationIsVisible = 0;
			defaultConfigurationName = Release;
		};
/* End XCConfigurationList section */
	};
	rootObject = 4D1F1D6C21DD323A005B0040 /* Project object */;
}
